{
  "projects": [
    {
      "projectId": "xgndtx1wAp1Kt3H67Xxeiq",
      "version": "latest",
      "dependencies": {
        "7nJ7UcFmq9UzB6eXfC5z4a": "0.0.3",
        "28Ba3BDvRe7EiWdfFNnLB6": "2.3.0"
      },
      "lang": "js",
      "fileLocks": [
        {
          "type": "globalVariant",
          "assetId": "CgDYbzl4SPr0V",
          "checksum": "abbfcafdb3eda842c54c036d86532efe"
        },
        {
          "type": "renderModule",
          "assetId": "z5EDbolSaWhr",
          "checksum": "4b7ffae47b15ba54a1094cf77d7040c8"
        },
        {
          "type": "cssRules",
          "assetId": "z5EDbolSaWhr",
          "checksum": "4b7ffae47b15ba54a1094cf77d7040c8"
        },
        {
          "type": "renderModule",
          "assetId": "sViv_rn0Ze",
          "checksum": "3bac2c54960decb6be9d8c2f541e28c6"
        },
        {
          "type": "cssRules",
          "assetId": "sViv_rn0Ze",
          "checksum": "3bac2c54960decb6be9d8c2f541e28c6"
        },
        {
          "type": "renderModule",
          "assetId": "aL3vzWiqlgO",
          "checksum": "ee154b0eeef9e2ec962a94fd8617c570"
        },
        {
          "type": "cssRules",
          "assetId": "aL3vzWiqlgO",
          "checksum": "ee154b0eeef9e2ec962a94fd8617c570"
        },
        {
          "type": "renderModule",
          "assetId": "lbT57O6QquH",
          "checksum": "17328ae2c3e0b9e9c9133cdf2991900f"
        },
        {
          "type": "cssRules",
          "assetId": "lbT57O6QquH",
          "checksum": "17328ae2c3e0b9e9c9133cdf2991900f"
        },
        {
          "type": "icon",
          "assetId": "Dj9-rT3pPVs",
          "checksum": "21c8b6350b0038b6e5be101b2c5b1bc1"
        },
        {
          "type": "icon",
          "assetId": "WQNc4UVKkIc",
          "checksum": "670891ca45c2dad0ce38bc132561fdb0"
        },
        {
          "type": "image",
          "assetId": "X8HMirr5L",
          "checksum": "3b6eb8781608623411a5c4067fe6fcb7"
        },
        {
          "assetId": "xgndtx1wAp1Kt3H67Xxeiq",
          "type": "projectCss",
          "checksum": "f486712cf94439632ec4c4aa1aba8840"
        }
      ],
      "codegenVersion": "0.0.1"
    },
    {
      "projectId": "28Ba3BDvRe7EiWdfFNnLB6",
      "version": "2.3.0",
      "dependencies": {},
      "lang": "js",
      "fileLocks": [
        {
          "assetId": "28Ba3BDvRe7EiWdfFNnLB6",
          "type": "projectCss",
          "checksum": "afb87f03e25d1c04c54780213015f602"
        }
      ],
      "codegenVersion": "0.0.1"
    },
    {
      "projectId": "7nJ7UcFmq9UzB6eXfC5z4a",
      "version": "0.0.3",
      "dependencies": {},
      "lang": "js",
      "fileLocks": [
        {
          "assetId": "7nJ7UcFmq9UzB6eXfC5z4a",
          "type": "projectCss",
          "checksum": "64c620350c9cd9f72dd5f82b2936978e"
        }
      ],
      "codegenVersion": "0.0.1"
    }
  ],
  "cliVersion": "0.1.184"
}
